Microsoft Visual Studio Solution File, Format Version 12.00
# Visual Studio Version 17
VisualStudioVersion = 17.5.2.0
MinimumVisualStudioVersion = 10.0.40219.1
Project("{2150E333-8FDC-42A3-9474-1A3956D46DE8}") = "src", "src", "{827E0CD3-B72D-47B6-A68D-7590B98EB39B}"
EndProject
Project("{2150E333-8FDC-42A3-9474-1A3956D46DE8}") = "weather-api", "weather-api", "{0B353D93-9BDF-1345-93A9-7A04000AF375}"
EndProject
Project("{FAE04EC0-301F-11D3-BF4B-00C04F79EFBC}") = "WeatherApi", "src\weather-api\WeatherApi\WeatherApi.csproj", "{7CD67431-309C-CF31-C455-B56AA4B63AF7}"
EndProject
Global
	GlobalSection(SolutionConfigurationPlatforms) = preSolution
		Debug|Any CPU = Debug|Any CPU
		Release|Any CPU = Release|Any CPU
	EndGlobalSection
	GlobalSection(ProjectConfigurationPlatforms) = postSolution
		{7CD67431-309C-CF31-C455-B56AA4B63AF7}.Debug|Any CPU.ActiveCfg = Debug|Any CPU
		{7CD67431-309C-CF31-C455-B56AA4B63AF7}.Debug|Any CPU.Build.0 = Debug|Any CPU
		{7CD67431-309C-CF31-C455-B56AA4B63AF7}.Release|Any CPU.ActiveCfg = Release|Any CPU
		{7CD67431-309C-CF31-C455-B56AA4B63AF7}.Release|Any CPU.Build.0 = Release|Any CPU
	EndGlobalSection
	GlobalSection(SolutionProperties) = preSolution
		HideSolutionNode = FALSE
	EndGlobalSection
	GlobalSection(NestedProjects) = preSolution
		{0B353D93-9BDF-1345-93A9-7A04000AF375} = {827E0CD3-B72D-47B6-A68D-7590B98EB39B}
		{7CD67431-309C-CF31-C455-B56AA4B63AF7} = {0B353D93-9BDF-1345-93A9-7A04000AF375}
	EndGlobalSection
	GlobalSection(ExtensibilityGlobals) = postSolution
		SolutionGuid = {DF38F167-17A6-499B-8DC9-B5C0F8825B9E}
	EndGlobalSection
EndGlobal
