
Microsoft Visual Studio Solution File, Format Version 12.00
# Visual Studio Version 17
VisualStudioVersion = 17.5.2.0
MinimumVisualStudioVersion = 10.0.40219.1
Project("{2150E333-8FDC-42A3-9474-1A3956D46DE8}") = "weather-api", "weather-api", "{0B353D93-9BDF-1345-93A9-7A04000AF375}"
EndProject
Project("{FAE04EC0-301F-11D3-BF4B-00C04F79EFBC}") = "WeatherApi", "weather-api\WeatherApi\WeatherApi.csproj", "{7CD67431-309C-CF31-C455-B56AA4B63AF7}"
EndProject
Project("{2150E333-8FDC-42A3-9474-1A3956D46DE8}") = "weather-frontend", "weather-frontend", "{A45B28D6-CAC3-9AE7-21A3-77EABDE369D1}"
EndProject
Project("{FAE04EC0-301F-11D3-BF4B-00C04F79EFBC}") = "WeatherFrontend", "weather-frontend\WeatherFrontend\WeatherFrontend.csproj", "{B030E00D-E672-4FFF-949F-90F37FFB665A}"
EndProject
Global
	GlobalSection(SolutionConfigurationPlatforms) = preSolution
		Debug|Any CPU = Debug|Any CPU
		Debug|x64 = Debug|x64
		Debug|x86 = Debug|x86
		Release|Any CPU = Release|Any CPU
		Release|x64 = Release|x64
		Release|x86 = Release|x86
	EndGlobalSection
	GlobalSection(ProjectConfigurationPlatforms) = postSolution
		{7CD67431-309C-CF31-C455-B56AA4B63AF7}.Debug|Any CPU.ActiveCfg = Debug|Any CPU
		{7CD67431-309C-CF31-C455-B56AA4B63AF7}.Debug|Any CPU.Build.0 = Debug|Any CPU
		{7CD67431-309C-CF31-C455-B56AA4B63AF7}.Debug|x64.ActiveCfg = Debug|Any CPU
		{7CD67431-309C-CF31-C455-B56AA4B63AF7}.Debug|x64.Build.0 = Debug|Any CPU
		{7CD67431-309C-CF31-C455-B56AA4B63AF7}.Debug|x86.ActiveCfg = Debug|Any CPU
		{7CD67431-309C-CF31-C455-B56AA4B63AF7}.Debug|x86.Build.0 = Debug|Any CPU
		{7CD67431-309C-CF31-C455-B56AA4B63AF7}.Release|Any CPU.ActiveCfg = Release|Any CPU
		{7CD67431-309C-CF31-C455-B56AA4B63AF7}.Release|Any CPU.Build.0 = Release|Any CPU
		{7CD67431-309C-CF31-C455-B56AA4B63AF7}.Release|x64.ActiveCfg = Release|Any CPU
		{7CD67431-309C-CF31-C455-B56AA4B63AF7}.Release|x64.Build.0 = Release|Any CPU
		{7CD67431-309C-CF31-C455-B56AA4B63AF7}.Release|x86.ActiveCfg = Release|Any CPU
		{7CD67431-309C-CF31-C455-B56AA4B63AF7}.Release|x86.Build.0 = Release|Any CPU
		{B030E00D-E672-4FFF-949F-90F37FFB665A}.Debug|Any CPU.ActiveCfg = Debug|Any CPU
		{B030E00D-E672-4FFF-949F-90F37FFB665A}.Debug|Any CPU.Build.0 = Debug|Any CPU
		{B030E00D-E672-4FFF-949F-90F37FFB665A}.Debug|x64.ActiveCfg = Debug|Any CPU
		{B030E00D-E672-4FFF-949F-90F37FFB665A}.Debug|x64.Build.0 = Debug|Any CPU
		{B030E00D-E672-4FFF-949F-90F37FFB665A}.Debug|x86.ActiveCfg = Debug|Any CPU
		{B030E00D-E672-4FFF-949F-90F37FFB665A}.Debug|x86.Build.0 = Debug|Any CPU
		{B030E00D-E672-4FFF-949F-90F37FFB665A}.Release|Any CPU.ActiveCfg = Release|Any CPU
		{B030E00D-E672-4FFF-949F-90F37FFB665A}.Release|Any CPU.Build.0 = Release|Any CPU
		{B030E00D-E672-4FFF-949F-90F37FFB665A}.Release|x64.ActiveCfg = Release|Any CPU
		{B030E00D-E672-4FFF-949F-90F37FFB665A}.Release|x64.Build.0 = Release|Any CPU
		{B030E00D-E672-4FFF-949F-90F37FFB665A}.Release|x86.ActiveCfg = Release|Any CPU
		{B030E00D-E672-4FFF-949F-90F37FFB665A}.Release|x86.Build.0 = Release|Any CPU
	EndGlobalSection
	GlobalSection(SolutionProperties) = preSolution
		HideSolutionNode = FALSE
	EndGlobalSection
	GlobalSection(NestedProjects) = preSolution
		{7CD67431-309C-CF31-C455-B56AA4B63AF7} = {0B353D93-9BDF-1345-93A9-7A04000AF375}
		{B030E00D-E672-4FFF-949F-90F37FFB665A} = {A45B28D6-CAC3-9AE7-21A3-77EABDE369D1}
	EndGlobalSection
	GlobalSection(ExtensibilityGlobals) = postSolution
		SolutionGuid = {DF38F167-17A6-499B-8DC9-B5C0F8825B9E}
	EndGlobalSection
EndGlobal
